// !$*UTF8*$!
{
	archiveVersion = 1;
	classes = {
	};
	objectVersion = 46;
	objects = {

/* Begin PBXBuildFile section */
		D215B0B21E59951C00846D94 /* animation.cpp in Sources */ = {isa = PBXBuildFile; fileRef = D215B0B11E59951C00846D94 /* animation.cpp */; };
		D23CC4C11E57514E00B774C9 /* Level.cpp in Sources */ = {isa = PBXBuildFile; fileRef = D23CC4BF1E57514E00B774C9 /* Level.cpp */; };
		D23CC4C41E57533E00B774C9 /* HUD.cpp in Sources */ = {isa = PBXBuildFile; fileRef = D23CC4C21E57533E00B774C9 /* HUD.cpp */; };
		D2548F7C1E5AF64200777499 /* Controller.cpp in Sources */ = {isa = PBXBuildFile; fileRef = D2548F7A1E5AF64200777499 /* Controller.cpp */; };
		D29DC53D1E509D780005EC95 /* core.cpp in Sources */ = {isa = PBXBuildFile; fileRef = D29DC53B1E509D780005EC95 /* core.cpp */; };
		D29DC53E1E509D780005EC95 /* physics.cpp in Sources */ = {isa = PBXBuildFile; fileRef = D29DC53C1E509D780005EC95 /* physics.cpp */; };
		D29DC5441E509E250005EC95 /* main.cpp in Sources */ = {isa = PBXBuildFile; fileRef = D29DC5421E509E250005EC95 /* main.cpp */; };
		D29DC5451E509E250005EC95 /* Player.cpp in Sources */ = {isa = PBXBuildFile; fileRef = D29DC5431E509E250005EC95 /* Player.cpp */; };
		D29DC54C1E509F680005EC95 /* SDL2_image.framework in Frameworks */ = {isa = PBXBuildFile; fileRef = D29DC54A1E509F5E0005EC95 /* SDL2_image.framework */; };
		D29DC54D1E509F680005EC95 /* SDL2_ttf.framework in Frameworks */ = {isa = PBXBuildFile; fileRef = D29DC54B1E509F5E0005EC95 /* SDL2_ttf.framework */; };
		D29DC54E1E509F680005EC95 /* SDL2.framework in Frameworks */ = {isa = PBXBuildFile; fileRef = D29DC5491E509F5E0005EC95 /* SDL2.framework */; };
		D2F614D51E53183C00B33DAB /* types.cpp in Sources */ = {isa = PBXBuildFile; fileRef = D2F614D41E53183C00B33DAB /* types.cpp */; };
		D2F614F31E54C7D400B33DAB /* Board.cpp in Sources */ = {isa = PBXBuildFile; fileRef = D2F614F11E54C7D400B33DAB /* Board.cpp */; };
/* End PBXBuildFile section */

/* Begin PBXCopyFilesBuildPhase section */
		D29DC5291E509D120005EC95 /* CopyFiles */ = {
			isa = PBXCopyFilesBuildPhase;
			buildActionMask = 2147483647;
			dstPath = /usr/share/man/man1/;
			dstSubfolderSpec = 0;
			files = (
			);
			runOnlyForDeploymentPostprocessing = 1;
		};
/* End PBXCopyFilesBuildPhase section */

/* Begin PBXFileReference section */
		D215B0B11E59951C00846D94 /* animation.cpp */ = {isa = PBXFileReference; fileEncoding = 4; lastKnownFileType = sourcecode.cpp.cpp; name = animation.cpp; path = engine/animation.cpp; sourceTree = "<group>"; };
		D23CC4BF1E57514E00B774C9 /* Level.cpp */ = {isa = PBXFileReference; fileEncoding = 4; lastKnownFileType = sourcecode.cpp.cpp; name = Level.cpp; path = "Q*bert/Level.cpp"; sourceTree = "<group>"; };
		D23CC4C01E57514E00B774C9 /* Level.hpp */ = {isa = PBXFileReference; fileEncoding = 4; lastKnownFileType = sourcecode.cpp.h; name = Level.hpp; path = "Q*bert/Level.hpp"; sourceTree = "<group>"; };
		D23CC4C21E57533E00B774C9 /* HUD.cpp */ = {isa = PBXFileReference; fileEncoding = 4; lastKnownFileType = sourcecode.cpp.cpp; name = HUD.cpp; path = "Q*bert/HUD.cpp"; sourceTree = "<group>"; };
		D23CC4C31E57533E00B774C9 /* HUD.hpp */ = {isa = PBXFileReference; fileEncoding = 4; lastKnownFileType = sourcecode.cpp.h; name = HUD.hpp; path = "Q*bert/HUD.hpp"; sourceTree = "<group>"; };
		D2548F7A1E5AF64200777499 /* Controller.cpp */ = {isa = PBXFileReference; fileEncoding = 4; lastKnownFileType = sourcecode.cpp.cpp; name = Controller.cpp; path = "Q*bert/Controller.cpp"; sourceTree = "<group>"; };
		D2548F7B1E5AF64200777499 /* Controller.hpp */ = {isa = PBXFileReference; fileEncoding = 4; lastKnownFileType = sourcecode.cpp.h; name = Controller.hpp; path = "Q*bert/Controller.hpp"; sourceTree = "<group>"; };
		D29DC52B1E509D120005EC95 /* Q*bert */ = {isa = PBXFileReference; explicitFileType = "compiled.mach-o.executable"; includeInIndex = 0; path = "Q*bert"; sourceTree = BUILT_PRODUCTS_DIR; };
		D29DC5381E509D780005EC95 /* core.hpp */ = {isa = PBXFileReference; fileEncoding = 4; lastKnownFileType = sourcecode.cpp.h; name = core.hpp; path = engine/core.hpp; sourceTree = "<group>"; };
		D29DC53A1E509D780005EC95 /* types.hpp */ = {isa = PBXFileReference; fileEncoding = 4; lastKnownFileType = sourcecode.cpp.h; name = types.hpp; path = engine/types.hpp; sourceTree = "<group>"; };
		D29DC53B1E509D780005EC95 /* core.cpp */ = {isa = PBXFileReference; fileEncoding = 4; lastKnownFileType = sourcecode.cpp.cpp; name = core.cpp; path = engine/core.cpp; sourceTree = "<group>"; };
		D29DC53C1E509D780005EC95 /* physics.cpp */ = {isa = PBXFileReference; fileEncoding = 4; lastKnownFileType = sourcecode.cpp.cpp; name = physics.cpp; path = engine/physics.cpp; sourceTree = "<group>"; };
		D29DC5411E509E250005EC95 /* Player.hpp */ = {isa = PBXFileReference; fileEncoding = 4; lastKnownFileType = sourcecode.cpp.h; name = Player.hpp; path = "Q*bert/Player.hpp"; sourceTree = "<group>"; };
		D29DC5421E509E250005EC95 /* main.cpp */ = {isa = PBXFileReference; fileEncoding = 4; lastKnownFileType = sourcecode.cpp.cpp; name = main.cpp; path = "Q*bert/main.cpp"; sourceTree = "<group>"; };
		D29DC5431E509E250005EC95 /* Player.cpp */ = {isa = PBXFileReference; fileEncoding = 4; lastKnownFileType = sourcecode.cpp.cpp; name = Player.cpp; path = "Q*bert/Player.cpp"; sourceTree = "<group>"; };
		D29DC5491E509F5E0005EC95 /* SDL2.framework */ = {isa = PBXFileReference; lastKnownFileType = wrapper.framework; path = SDL2.framework; sourceTree = "<group>"; };
		D29DC54A1E509F5E0005EC95 /* SDL2_image.framework */ = {isa = PBXFileReference; lastKnownFileType = wrapper.framework; path = SDL2_image.framework; sourceTree = "<group>"; };
		D29DC54B1E509F5E0005EC95 /* SDL2_ttf.framework */ = {isa = PBXFileReference; lastKnownFileType = wrapper.framework; path = SDL2_ttf.framework; sourceTree = "<group>"; };
		D2F614D41E53183C00B33DAB /* types.cpp */ = {isa = PBXFileReference; fileEncoding = 4; lastKnownFileType = sourcecode.cpp.cpp; name = types.cpp; path = engine/types.cpp; sourceTree = "<group>"; };
		D2F614F11E54C7D400B33DAB /* Board.cpp */ = {isa = PBXFileReference; fileEncoding = 4; lastKnownFileType = sourcecode.cpp.cpp; name = Board.cpp; path = "Q*bert/Board.cpp"; sourceTree = "<group>"; };
		D2F614F21E54C7D400B33DAB /* Board.hpp */ = {isa = PBXFileReference; fileEncoding = 4; lastKnownFileType = sourcecode.cpp.h; name = Board.hpp; path = "Q*bert/Board.hpp"; sourceTree = "<group>"; };
/* End PBXFileReference section */

/* Begin PBXFrameworksBuildPhase section */
		D29DC5281E509D120005EC95 /* Frameworks */ = {
			isa = PBXFrameworksBuildPhase;
			buildActionMask = 2147483647;
			files = (
				D29DC54E1E509F680005EC95 /* SDL2.framework in Frameworks */,
				D29DC54D1E509F680005EC95 /* SDL2_ttf.framework in Frameworks */,
				D29DC54C1E509F680005EC95 /* SDL2_image.framework in Frameworks */,
			);
			runOnlyForDeploymentPostprocessing = 0;
		};
/* End PBXFrameworksBuildPhase section */

/* Begin PBXGroup section */
		D29DC5221E509D120005EC95 = {
			isa = PBXGroup;
			children = (
				D29DC52D1E509D120005EC95 /* Arcade Game Engine */,
				D29DC52C1E509D120005EC95 /* Products */,
				D29DC5471E509F5E0005EC95 /* Frameworks */,
			);
			sourceTree = "<group>";
		};
		D29DC52C1E509D120005EC95 /* Products */ = {
			isa = PBXGroup;
			children = (
				D29DC52B1E509D120005EC95 /* Q*bert */,
			);
			name = Products;
			sourceTree = "<group>";
		};
		D29DC52D1E509D120005EC95 /* Arcade Game Engine */ = {
			isa = PBXGroup;
			children = (
				D29DC5351E509D2F0005EC95 /* engine */,
				D29DC5401E509DF90005EC95 /* Q*bert */,
			);
			path = "Arcade Game Engine";
			sourceTree = "<group>";
		};
		D29DC5351E509D2F0005EC95 /* engine */ = {
			isa = PBXGroup;
			children = (
				D29DC53F1E509DE40005EC95 /* include */,
				D29DC53B1E509D780005EC95 /* core.cpp */,
				D2F614D41E53183C00B33DAB /* types.cpp */,
				D215B0B11E59951C00846D94 /* animation.cpp */,
				D29DC53C1E509D780005EC95 /* physics.cpp */,
			);
			name = engine;
			sourceTree = "<group>";
		};
		D29DC53F1E509DE40005EC95 /* include */ = {
			isa = PBXGroup;
			children = (
				D29DC5381E509D780005EC95 /* core.hpp */,
				D29DC53A1E509D780005EC95 /* types.hpp */,
			);
			name = include;
			sourceTree = "<group>";
		};
		D29DC5401E509DF90005EC95 /* Q*bert */ = {
			isa = PBXGroup;
			children = (
				D29DC5461E509E280005EC95 /* include */,
				D29DC5421E509E250005EC95 /* main.cpp */,
				D2548F7A1E5AF64200777499 /* Controller.cpp */,
				D29DC5431E509E250005EC95 /* Player.cpp */,
				D2F614F11E54C7D400B33DAB /* Board.cpp */,
				D23CC4C21E57533E00B774C9 /* HUD.cpp */,
				D23CC4BF1E57514E00B774C9 /* Level.cpp */,
			);
			name = "Q*bert";
			sourceTree = "<group>";
		};
		D29DC5461E509E280005EC95 /* include */ = {
			isa = PBXGroup;
			children = (
				D2548F7B1E5AF64200777499 /* Controller.hpp */,
				D29DC5411E509E250005EC95 /* Player.hpp */,
				D2F614F21E54C7D400B33DAB /* Board.hpp */,
				D23CC4C31E57533E00B774C9 /* HUD.hpp */,
				D23CC4C01E57514E00B774C9 /* Level.hpp */,
			);
			name = include;
			sourceTree = "<group>";
		};
		D29DC5471E509F5E0005EC95 /* Frameworks */ = {
			isa = PBXGroup;
			children = (
				D29DC5481E509F5E0005EC95 /* lib */,
			);
			name = Frameworks;
			sourceTree = "<group>";
		};
		D29DC5481E509F5E0005EC95 /* lib */ = {
			isa = PBXGroup;
			children = (
				D29DC5491E509F5E0005EC95 /* SDL2.framework */,
				D29DC54A1E509F5E0005EC95 /* SDL2_image.framework */,
				D29DC54B1E509F5E0005EC95 /* SDL2_ttf.framework */,
			);
			name = lib;
			path = "Arcade Game Engine/lib";
			sourceTree = "<group>";
		};
/* End PBXGroup section */

/* Begin PBXNativeTarget section */
		D29DC52A1E509D120005EC95 /* Q*bert */ = {
			isa = PBXNativeTarget;
			buildConfigurationList = D29DC5321E509D120005EC95 /* Build configuration list for PBXNativeTarget "Q*bert" */;
			buildPhases = (
				D29DC5271E509D120005EC95 /* Sources */,
				D29DC5281E509D120005EC95 /* Frameworks */,
				D29DC5291E509D120005EC95 /* CopyFiles */,
			);
			buildRules = (
			);
			dependencies = (
			);
			name = "Q*bert";
			productName = "Arcade Game Engine";
			productReference = D29DC52B1E509D120005EC95 /* Q*bert */;
			productType = "com.apple.product-type.tool";
		};
/* End PBXNativeTarget section */

/* Begin PBXProject section */
		D29DC5231E509D120005EC95 /* Project object */ = {
			isa = PBXProject;
			attributes = {
				LastUpgradeCheck = 0800;
				ORGANIZATIONNAME = Lidin;
				TargetAttributes = {
					D29DC52A1E509D120005EC95 = {
						CreatedOnToolsVersion = 8.0;
						ProvisioningStyle = Automatic;
					};
				};
			};
			buildConfigurationList = D29DC5261E509D120005EC95 /* Build configuration list for PBXProject "Arcade Game Engine" */;
			compatibilityVersion = "Xcode 3.2";
			developmentRegion = English;
			hasScannedForEncodings = 0;
			knownRegions = (
				en,
			);
			mainGroup = D29DC5221E509D120005EC95;
			productRefGroup = D29DC52C1E509D120005EC95 /* Products */;
			projectDirPath = "";
			projectRoot = "";
			targets = (
				D29DC52A1E509D120005EC95 /* Q*bert */,
			);
		};
/* End PBXProject section */

/* Begin PBXSourcesBuildPhase section */
		D29DC5271E509D120005EC95 /* Sources */ = {
			isa = PBXSourcesBuildPhase;
			buildActionMask = 2147483647;
			files = (
				D23CC4C41E57533E00B774C9 /* HUD.cpp in Sources */,
				D2F614F31E54C7D400B33DAB /* Board.cpp in Sources */,
				D29DC5451E509E250005EC95 /* Player.cpp in Sources */,
				D23CC4C11E57514E00B774C9 /* Level.cpp in Sources */,
				D215B0B21E59951C00846D94 /* animation.cpp in Sources */,
				D29DC53D1E509D780005EC95 /* core.cpp in Sources */,
				D29DC53E1E509D780005EC95 /* physics.cpp in Sources */,
				D2548F7C1E5AF64200777499 /* Controller.cpp in Sources */,
				D29DC5441E509E250005EC95 /* main.cpp in Sources */,
				D2F614D51E53183C00B33DAB /* types.cpp in Sources */,
			);
			runOnlyForDeploymentPostprocessing = 0;
		};
/* End PBXSourcesBuildPhase section */

/* Begin XCBuildConfiguration section */
		D29DC5301E509D120005EC95 /* Debug */ = {
			isa = XCBuildConfiguration;
			buildSettings = {
				ALWAYS_SEARCH_USER_PATHS = NO;
				CLANG_ANALYZER_NONNULL = YES;
				CLANG_CXX_LANGUAGE_STANDARD = "gnu++0x";
				CLANG_CXX_LIBRARY = "libc++";
				CLANG_ENABLE_MODULES = YES;
				CLANG_ENABLE_OBJC_ARC = YES;
				CLANG_WARN_BOOL_CONVERSION = YES;
				CLANG_WARN_CONSTANT_CONVERSION = YES;
				CLANG_WARN_DIRECT_OBJC_ISA_USAGE = YES_ERROR;
				CLANG_WARN_DOCUMENTATION_COMMENTS = YES;
				CLANG_WARN_EMPTY_BODY = YES;
				CLANG_WARN_ENUM_CONVERSION = YES;
				CLANG_WARN_INFINITE_RECURSION = YES;
				CLANG_WARN_INT_CONVERSION = YES;
				CLANG_WARN_OBJC_ROOT_CLASS = YES_ERROR;
				CLANG_WARN_SUSPICIOUS_MOVES = YES;
				CLANG_WARN_UNREACHABLE_CODE = YES;
				CLANG_WARN__DUPLICATE_METHOD_MATCH = YES;
				CODE_SIGN_IDENTITY = "-";
				COPY_PHASE_STRIP = NO;
				DEBUG_INFORMATION_FORMAT = dwarf;
				ENABLE_STRICT_OBJC_MSGSEND = YES;
				ENABLE_TESTABILITY = YES;
				GCC_C_LANGUAGE_STANDARD = gnu99;
				GCC_DYNAMIC_NO_PIC = NO;
				GCC_NO_COMMON_BLOCKS = YES;
				GCC_OPTIMIZATION_LEVEL = 0;
				GCC_PREPROCESSOR_DEFINITIONS = (
					"DEBUG=1",
					"$(inherited)",
				);
				GCC_WARN_64_TO_32_BIT_CONVERSION = YES;
				GCC_WARN_ABOUT_RETURN_TYPE = YES_ERROR;
				GCC_WARN_UNDECLARED_SELECTOR = YES;
				GCC_WARN_UNINITIALIZED_AUTOS = YES_AGGRESSIVE;
				GCC_WARN_UNUSED_FUNCTION = YES;
				GCC_WARN_UNUSED_VARIABLE = YES;
				MACOSX_DEPLOYMENT_TARGET = 10.12;
				MTL_ENABLE_DEBUG_INFO = YES;
				ONLY_ACTIVE_ARCH = YES;
				SDKROOT = macosx;
			};
			name = Debug;
		};
		D29DC5311E509D120005EC95 /* Release */ = {
			isa = XCBuildConfiguration;
			buildSettings = {
				ALWAYS_SEARCH_USER_PATHS = NO;
				CLANG_ANALYZER_NONNULL = YES;
				CLANG_CXX_LANGUAGE_STANDARD = "gnu++0x";
				CLANG_CXX_LIBRARY = "libc++";
				CLANG_ENABLE_MODULES = YES;
				CLANG_ENABLE_OBJC_ARC = YES;
				CLANG_WARN_BOOL_CONVERSION = YES;
				CLANG_WARN_CONSTANT_CONVERSION = YES;
				CLANG_WARN_DIRECT_OBJC_ISA_USAGE = YES_ERROR;
				CLANG_WARN_DOCUMENTATION_COMMENTS = YES;
				CLANG_WARN_EMPTY_BODY = YES;
				CLANG_WARN_ENUM_CONVERSION = YES;
				CLANG_WARN_INFINITE_RECURSION = YES;
				CLANG_WARN_INT_CONVERSION = YES;
				CLANG_WARN_OBJC_ROOT_CLASS = YES_ERROR;
				CLANG_WARN_SUSPICIOUS_MOVES = YES;
				CLANG_WARN_UNREACHABLE_CODE = YES;
				CLANG_WARN__DUPLICATE_METHOD_MATCH = YES;
				CODE_SIGN_IDENTITY = "-";
				COPY_PHASE_STRIP = NO;
				DEBUG_INFORMATION_FORMAT = "dwarf-with-dsym";
				ENABLE_NS_ASSERTIONS = NO;
				ENABLE_STRICT_OBJC_MSGSEND = YES;
				GCC_C_LANGUAGE_STANDARD = gnu99;
				GCC_NO_COMMON_BLOCKS = YES;
				GCC_WARN_64_TO_32_BIT_CONVERSION = YES;
				GCC_WARN_ABOUT_RETURN_TYPE = YES_ERROR;
				GCC_WARN_UNDECLARED_SELECTOR = YES;
				GCC_WARN_UNINITIALIZED_AUTOS = YES_AGGRESSIVE;
				GCC_WARN_UNUSED_FUNCTION = YES;
				GCC_WARN_UNUSED_VARIABLE = YES;
				MACOSX_DEPLOYMENT_TARGET = 10.12;
				MTL_ENABLE_DEBUG_INFO = NO;
				SDKROOT = macosx;
			};
			name = Release;
		};
		D29DC5331E509D120005EC95 /* Debug */ = {
			isa = XCBuildConfiguration;
			buildSettings = {
				CLANG_WARN_DOCUMENTATION_COMMENTS = NO;
				FRAMEWORK_SEARCH_PATHS = (
					"$(inherited)",
					"$(PROJECT_DIR)/Arcade\\ Game\\ Engine/external",
				);
				LD_RUNPATH_SEARCH_PATHS = "$(PROJECT_DIR)/Arcade\\ Game\\ Engine/external";
				PRODUCT_NAME = "$(TARGET_NAME)";
			};
			name = Debug;
		};
		D29DC5341E509D120005EC95 /* Release */ = {
			isa = XCBuildConfiguration;
			buildSettings = {
				CLANG_WARN_DOCUMENTATION_COMMENTS = NO;
				FRAMEWORK_SEARCH_PATHS = (
					"$(inherited)",
					"$(PROJECT_DIR)/Arcade\\ Game\\ Engine/external",
				);
				LD_RUNPATH_SEARCH_PATHS = "$(PROJECT_DIR)/Arcade\\ Game\\ Engine/external";
				PRODUCT_NAME = "$(TARGET_NAME)";
			};
			name = Release;
		};
/* End XCBuildConfiguration section */

/* Begin XCConfigurationList section */
		D29DC5261E509D120005EC95 /* Build configuration list for PBXProject "Arcade Game Engine" */ = {
			isa = XCConfigurationList;
			buildConfigurations = (
				D29DC5301E509D120005EC95 /* Debug */,
				D29DC5311E509D120005EC95 /* Release */,
			);
			defaultConfigurationIsVisible = 0;
			defaultConfigurationName = Release;
		};
		D29DC5321E509D120005EC95 /* Build configuration list for PBXNativeTarget "Q*bert" */ = {
			isa = XCConfigurationList;
			buildConfigurations = (
				D29DC5331E509D120005EC95 /* Debug */,
				D29DC5341E509D120005EC95 /* Release */,
			);
			defaultConfigurationIsVisible = 0;
			defaultConfigurationName = Release;
		};
/* End XCConfigurationList section */
	};
	rootObject = D29DC5231E509D120005EC95 /* Project object */;
}
